// !$*UTF8*$!
{
	archiveVersion = 1;
	classes = {
	};
	objectVersion = 56;
	objects = {

/* Begin PBXBuildFile section */
		07736FD02A2E0AEC00FBF297 /* ProfileNavigationApp.swift in Sources */ = {isa = PBXBuildFile; fileRef = 07736FCF2A2E0AEC00FBF297 /* ProfileNavigationApp.swift */; };
		07736FD22A2E0AEC00FBF297 /* ContentView.swift in Sources */ = {isa = PBXBuildFile; fileRef = 07736FD12A2E0AEC00FBF297 /* ContentView.swift */; };
		07736FD42A2E0AED00FBF297 /* Assets.xcassets in Resources */ = {isa = PBXBuildFile; fileRef = 07736FD32A2E0AED00FBF297 /* Assets.xcassets */; };
		07736FD72A2E0AED00FBF297 /* Preview Assets.xcassets in Resources */ = {isa = PBXBuildFile; fileRef = 07736FD62A2E0AED00FBF297 /* Preview Assets.xcassets */; };
		07736FE12A2E0B2300FBF297 /* User.swift in Sources */ = {isa = PBXBuildFile; fileRef = 07736FE02A2E0B2300FBF297 /* User.swift */; };
		07736FE42A2E0C7C00FBF297 /* ProfileView.swift in Sources */ = {isa = PBXBuildFile; fileRef = 07736FE32A2E0C7C00FBF297 /* ProfileView.swift */; };
		07736FE72A2E0CD400FBF297 /* HeaderView.swift in Sources */ = {isa = PBXBuildFile; fileRef = 07736FE62A2E0CD400FBF297 /* HeaderView.swift */; };
		07736FE92A2E0E8300FBF297 /* InfoView.swift in Sources */ = {isa = PBXBuildFile; fileRef = 07736FE82A2E0E8300FBF297 /* InfoView.swift */; };
		07736FEB2A2E0F3300FBF297 /* FollowCountView.swift in Sources */ = {isa = PBXBuildFile; fileRef = 07736FEA2A2E0F3300FBF297 /* FollowCountView.swift */; };
		07736FED2A2E0FEE00FBF297 /* EditButton.swift in Sources */ = {isa = PBXBuildFile; fileRef = 07736FEC2A2E0FEE00FBF297 /* EditButton.swift */; };
		07736FEF2A2E10B900FBF297 /* PostRow.swift in Sources */ = {isa = PBXBuildFile; fileRef = 07736FEE2A2E10B900FBF297 /* PostRow.swift */; };
		07736FF12A2E11DB00FBF297 /* PostListView.swift in Sources */ = {isa = PBXBuildFile; fileRef = 07736FF02A2E11DB00FBF297 /* PostListView.swift */; };
		07E04E5E2A2F496C00AFFC92 /* FollowersView.swift in Sources */ = {isa = PBXBuildFile; fileRef = 07E04E5D2A2F496C00AFFC92 /* FollowersView.swift */; };
		07E04E602A2F49E900AFFC92 /* UserRow.swift in Sources */ = {isa = PBXBuildFile; fileRef = 07E04E5F2A2F49E900AFFC92 /* UserRow.swift */; };
		07E04E632A2F4A8300AFFC92 /* FollowingView.swift in Sources */ = {isa = PBXBuildFile; fileRef = 07E04E622A2F4A8300AFFC92 /* FollowingView.swift */; };
		07E04E652A2F4B7F00AFFC92 /* Route.swift in Sources */ = {isa = PBXBuildFile; fileRef = 07E04E642A2F4B7F00AFFC92 /* Route.swift */; };
		07E04E672A2F4E2300AFFC92 /* ViewModel.swift in Sources */ = {isa = PBXBuildFile; fileRef = 07E04E662A2F4E2300AFFC92 /* ViewModel.swift */; };
		07E04E692A2F4F5C00AFFC92 /* UIState.swift in Sources */ = {isa = PBXBuildFile; fileRef = 07E04E682A2F4F5C00AFFC92 /* UIState.swift */; };
		07E04E6D2A2F522E00AFFC92 /* OtherProfileView.swift in Sources */ = {isa = PBXBuildFile; fileRef = 07E04E6C2A2F522E00AFFC92 /* OtherProfileView.swift */; };
/* End PBXBuildFile section */

/* Begin PBXFileReference section */
		07736FCC2A2E0AEC00FBF297 /* ProfileNavigation.app */ = {isa = PBXFileReference; explicitFileType = wrapper.application; includeInIndex = 0; path = ProfileNavigation.app; sourceTree = BUILT_PRODUCTS_DIR; };
		07736FCF2A2E0AEC00FBF297 /* ProfileNavigationApp.swift */ = {isa = PBXFileReference; lastKnownFileType = sourcecode.swift; path = ProfileNavigationApp.swift; sourceTree = "<group>"; };
		07736FD12A2E0AEC00FBF297 /* ContentView.swift */ = {isa = PBXFileReference; lastKnownFileType = sourcecode.swift; path = ContentView.swift; sourceTree = "<group>"; };
		07736FD32A2E0AED00FBF297 /* Assets.xcassets */ = {isa = PBXFileReference; lastKnownFileType = folder.assetcatalog; path = Assets.xcassets; sourceTree = "<group>"; };
		07736FD62A2E0AED00FBF297 /* Preview Assets.xcassets */ = {isa = PBXFileReference; lastKnownFileType = folder.assetcatalog; path = "Preview Assets.xcassets"; sourceTree = "<group>"; };
		07736FE02A2E0B2300FBF297 /* User.swift */ = {isa = PBXFileReference; lastKnownFileType = sourcecode.swift; path = User.swift; sourceTree = "<group>"; };
		07736FE32A2E0C7C00FBF297 /* ProfileView.swift */ = {isa = PBXFileReference; lastKnownFileType = sourcecode.swift; path = ProfileView.swift; sourceTree = "<group>"; };
		07736FE62A2E0CD400FBF297 /* HeaderView.swift */ = {isa = PBXFileReference; lastKnownFileType = sourcecode.swift; path = HeaderView.swift; sourceTree = "<group>"; };
		07736FE82A2E0E8300FBF297 /* InfoView.swift */ = {isa = PBXFileReference; lastKnownFileType = sourcecode.swift; path = InfoView.swift; sourceTree = "<group>"; };
		07736FEA2A2E0F3300FBF297 /* FollowCountView.swift */ = {isa = PBXFileReference; lastKnownFileType = sourcecode.swift; path = FollowCountView.swift; sourceTree = "<group>"; };
		07736FEC2A2E0FEE00FBF297 /* EditButton.swift */ = {isa = PBXFileReference; lastKnownFileType = sourcecode.swift; path = EditButton.swift; sourceTree = "<group>"; };
		07736FEE2A2E10B900FBF297 /* PostRow.swift */ = {isa = PBXFileReference; lastKnownFileType = sourcecode.swift; path = PostRow.swift; sourceTree = "<group>"; };
		07736FF02A2E11DB00FBF297 /* PostListView.swift */ = {isa = PBXFileReference; lastKnownFileType = sourcecode.swift; path = PostListView.swift; sourceTree = "<group>"; };
		07E04E5D2A2F496C00AFFC92 /* FollowersView.swift */ = {isa = PBXFileReference; lastKnownFileType = sourcecode.swift; path = FollowersView.swift; sourceTree = "<group>"; };
		07E04E5F2A2F49E900AFFC92 /* UserRow.swift */ = {isa = PBXFileReference; lastKnownFileType = sourcecode.swift; path = UserRow.swift; sourceTree = "<group>"; };
		07E04E622A2F4A8300AFFC92 /* FollowingView.swift */ = {isa = PBXFileReference; lastKnownFileType = sourcecode.swift; path = FollowingView.swift; sourceTree = "<group>"; };
		07E04E642A2F4B7F00AFFC92 /* Route.swift */ = {isa = PBXFileReference; lastKnownFileType = sourcecode.swift; path = Route.swift; sourceTree = "<group>"; };
		07E04E662A2F4E2300AFFC92 /* ViewModel.swift */ = {isa = PBXFileReference; lastKnownFileType = sourcecode.swift; path = ViewModel.swift; sourceTree = "<group>"; };
		07E04E682A2F4F5C00AFFC92 /* UIState.swift */ = {isa = PBXFileReference; lastKnownFileType = sourcecode.swift; path = UIState.swift; sourceTree = "<group>"; };
		07E04E6C2A2F522E00AFFC92 /* OtherProfileView.swift */ = {isa = PBXFileReference; lastKnownFileType = sourcecode.swift; path = OtherProfileView.swift; sourceTree = "<group>"; };
/* End PBXFileReference section */

/* Begin PBXFrameworksBuildPhase section */
		07736FC92A2E0AEC00FBF297 /* Frameworks */ = {
			isa = PBXFrameworksBuildPhase;
			buildActionMask = 2147483647;
			files = (
			);
			runOnlyForDeploymentPostprocessing = 0;
		};
/* End PBXFrameworksBuildPhase section */

/* Begin PBXGroup section */
		07736FC32A2E0AEC00FBF297 = {
			isa = PBXGroup;
			children = (
				07736FCE2A2E0AEC00FBF297 /* ProfileNavigation */,
				07736FCD2A2E0AEC00FBF297 /* Products */,
			);
			sourceTree = "<group>";
		};
		07736FCD2A2E0AEC00FBF297 /* Products */ = {
			isa = PBXGroup;
			children = (
				07736FCC2A2E0AEC00FBF297 /* ProfileNavigation.app */,
			);
			name = Products;
			sourceTree = "<group>";
		};
		07736FCE2A2E0AEC00FBF297 /* ProfileNavigation */ = {
			isa = PBXGroup;
			children = (
				07736FDF2A2E0B0E00FBF297 /* Core */,
				07736FDE2A2E0B0500FBF297 /* Models */,
				07736FDD2A2E0AFE00FBF297 /* App */,
				07736FD32A2E0AED00FBF297 /* Assets.xcassets */,
				07736FD52A2E0AED00FBF297 /* Preview Content */,
			);
			path = ProfileNavigation;
			sourceTree = "<group>";
		};
		07736FD52A2E0AED00FBF297 /* Preview Content */ = {
			isa = PBXGroup;
			children = (
				07736FD62A2E0AED00FBF297 /* Preview Assets.xcassets */,
			);
			path = "Preview Content";
			sourceTree = "<group>";
		};
		07736FDD2A2E0AFE00FBF297 /* App */ = {
			isa = PBXGroup;
			children = (
				07736FCF2A2E0AEC00FBF297 /* ProfileNavigationApp.swift */,
				07736FD12A2E0AEC00FBF297 /* ContentView.swift */,
			);
			path = App;
			sourceTree = "<group>";
		};
		07736FDE2A2E0B0500FBF297 /* Models */ = {
			isa = PBXGroup;
			children = (
				07736FE02A2E0B2300FBF297 /* User.swift */,
				07E04E642A2F4B7F00AFFC92 /* Route.swift */,
				07E04E682A2F4F5C00AFFC92 /* UIState.swift */,
			);
			path = Models;
			sourceTree = "<group>";
		};
		07736FDF2A2E0B0E00FBF297 /* Core */ = {
			isa = PBXGroup;
			children = (
				07E04E6A2A2F520E00AFFC92 /* AnotherProfile */,
				07E04E612A2F4A7800AFFC92 /* Following */,
				07E04E5C2A2F495E00AFFC92 /* Followers */,
				07736FE52A2E0CB700FBF297 /* Components */,
				07736FE22A2E0C7000FBF297 /* Profile */,
			);
			path = Core;
			sourceTree = "<group>";
		};
		07736FE22A2E0C7000FBF297 /* Profile */ = {
			isa = PBXGroup;
			children = (
				07736FE32A2E0C7C00FBF297 /* ProfileView.swift */,
				07E04E662A2F4E2300AFFC92 /* ViewModel.swift */,
			);
			path = Profile;
			sourceTree = "<group>";
		};
		07736FE52A2E0CB700FBF297 /* Components */ = {
			isa = PBXGroup;
			children = (
				07736FE62A2E0CD400FBF297 /* HeaderView.swift */,
				07736FE82A2E0E8300FBF297 /* InfoView.swift */,
				07736FEA2A2E0F3300FBF297 /* FollowCountView.swift */,
				07736FEC2A2E0FEE00FBF297 /* EditButton.swift */,
				07736FEE2A2E10B900FBF297 /* PostRow.swift */,
				07736FF02A2E11DB00FBF297 /* PostListView.swift */,
				07E04E5F2A2F49E900AFFC92 /* UserRow.swift */,
			);
			path = Components;
			sourceTree = "<group>";
		};
		07E04E5C2A2F495E00AFFC92 /* Followers */ = {
			isa = PBXGroup;
			children = (
				07E04E5D2A2F496C00AFFC92 /* FollowersView.swift */,
			);
			path = Followers;
			sourceTree = "<group>";
		};
		07E04E612A2F4A7800AFFC92 /* Following */ = {
			isa = PBXGroup;
			children = (
				07E04E622A2F4A8300AFFC92 /* FollowingView.swift */,
			);
			path = Following;
			sourceTree = "<group>";
		};
		07E04E6A2A2F520E00AFFC92 /* AnotherProfile */ = {
			isa = PBXGroup;
			children = (
				07E04E6C2A2F522E00AFFC92 /* OtherProfileView.swift */,
			);
			path = AnotherProfile;
			sourceTree = "<group>";
		};
/* End PBXGroup section */

/* Begin PBXNativeTarget section */
		07736FCB2A2E0AEC00FBF297 /* ProfileNavigation */ = {
			isa = PBXNativeTarget;
			buildConfigurationList = 07736FDA2A2E0AED00FBF297 /* Build configuration list for PBXNativeTarget "ProfileNavigation" */;
			buildPhases = (
				07736FC82A2E0AEC00FBF297 /* Sources */,
				07736FC92A2E0AEC00FBF297 /* Frameworks */,
				07736FCA2A2E0AEC00FBF297 /* Resources */,
			);
			buildRules = (
			);
			dependencies = (
			);
			name = ProfileNavigation;
			productName = ProfileNavigation;
			productReference = 07736FCC2A2E0AEC00FBF297 /* ProfileNavigation.app */;
			productType = "com.apple.product-type.application";
		};
/* End PBXNativeTarget section */

/* Begin PBXProject section */
		07736FC42A2E0AEC00FBF297 /* Project object */ = {
			isa = PBXProject;
			attributes = {
				BuildIndependentTargetsInParallel = 1;
				LastSwiftUpdateCheck = 1430;
				LastUpgradeCheck = 1430;
				TargetAttributes = {
					07736FCB2A2E0AEC00FBF297 = {
						CreatedOnToolsVersion = 14.3;
					};
				};
			};
			buildConfigurationList = 07736FC72A2E0AEC00FBF297 /* Build configuration list for PBXProject "ProfileNavigation" */;
			compatibilityVersion = "Xcode 14.0";
			developmentRegion = en;
			hasScannedForEncodings = 0;
			knownRegions = (
				en,
				Base,
			);
			mainGroup = 07736FC32A2E0AEC00FBF297;
			productRefGroup = 07736FCD2A2E0AEC00FBF297 /* Products */;
			projectDirPath = "";
			projectRoot = "";
			targets = (
				07736FCB2A2E0AEC00FBF297 /* ProfileNavigation */,
			);
		};
/* End PBXProject section */

/* Begin PBXResourcesBuildPhase section */
		07736FCA2A2E0AEC00FBF297 /* Resources */ = {
			isa = PBXResourcesBuildPhase;
			buildActionMask = 2147483647;
			files = (
				07736FD72A2E0AED00FBF297 /* Preview Assets.xcassets in Resources */,
				07736FD42A2E0AED00FBF297 /* Assets.xcassets in Resources */,
			);
			runOnlyForDeploymentPostprocessing = 0;
		};
/* End PBXResourcesBuildPhase section */

/* Begin PBXSourcesBuildPhase section */
		07736FC82A2E0AEC00FBF297 /* Sources */ = {
			isa = PBXSourcesBuildPhase;
			buildActionMask = 2147483647;
			files = (
				07736FE72A2E0CD400FBF297 /* HeaderView.swift in Sources */,
				07736FE42A2E0C7C00FBF297 /* ProfileView.swift in Sources */,
				07736FD22A2E0AEC00FBF297 /* ContentView.swift in Sources */,
				07E04E602A2F49E900AFFC92 /* UserRow.swift in Sources */,
				07E04E6D2A2F522E00AFFC92 /* OtherProfileView.swift in Sources */,
				07E04E5E2A2F496C00AFFC92 /* FollowersView.swift in Sources */,
				07E04E652A2F4B7F00AFFC92 /* Route.swift in Sources */,
				07736FD02A2E0AEC00FBF297 /* ProfileNavigationApp.swift in Sources */,
				07E04E692A2F4F5C00AFFC92 /* UIState.swift in Sources */,
				07736FF12A2E11DB00FBF297 /* PostListView.swift in Sources */,
				07736FE92A2E0E8300FBF297 /* InfoView.swift in Sources */,
				07E04E632A2F4A8300AFFC92 /* FollowingView.swift in Sources */,
				07E04E672A2F4E2300AFFC92 /* ViewModel.swift in Sources */,
				07736FED2A2E0FEE00FBF297 /* EditButton.swift in Sources */,
				07736FEB2A2E0F3300FBF297 /* FollowCountView.swift in Sources */,
				07736FEF2A2E10B900FBF297 /* PostRow.swift in Sources */,
				07736FE12A2E0B2300FBF297 /* User.swift in Sources */,
			);
			runOnlyForDeploymentPostprocessing = 0;
		};
/* End PBXSourcesBuildPhase section */

/* Begin XCBuildConfiguration section */
		07736FD82A2E0AED00FBF297 /* Debug */ = {
			isa = XCBuildConfiguration;
			buildSettings = {
				ALWAYS_SEARCH_USER_PATHS = NO;
				CLANG_ANALYZER_NONNULL = YES;
				CLANG_ANALYZER_NUMBER_OBJECT_CONVERSION = YES_AGGRESSIVE;
				CLANG_CXX_LANGUAGE_STANDARD = "gnu++20";
				CLANG_ENABLE_MODULES = YES;
				CLANG_ENABLE_OBJC_ARC = YES;
				CLANG_ENABLE_OBJC_WEAK = YES;
				CLANG_WARN_BLOCK_CAPTURE_AUTORELEASING = YES;
				CLANG_WARN_BOOL_CONVERSION = YES;
				CLANG_WARN_COMMA = YES;
				CLANG_WARN_CONSTANT_CONVERSION = YES;
				CLANG_WARN_DEPRECATED_OBJC_IMPLEMENTATIONS = YES;
				CLANG_WARN_DIRECT_OBJC_ISA_USAGE = YES_ERROR;
				CLANG_WARN_DOCUMENTATION_COMMENTS = YES;
				CLANG_WARN_EMPTY_BODY = YES;
				CLANG_WARN_ENUM_CONVERSION = YES;
				CLANG_WARN_INFINITE_RECURSION = YES;
				CLANG_WARN_INT_CONVERSION = YES;
				CLANG_WARN_NON_LITERAL_NULL_CONVERSION = YES;
				CLANG_WARN_OBJC_IMPLICIT_RETAIN_SELF = YES;
				CLANG_WARN_OBJC_LITERAL_CONVERSION = YES;
				CLANG_WARN_OBJC_ROOT_CLASS = YES_ERROR;
				CLANG_WARN_QUOTED_INCLUDE_IN_FRAMEWORK_HEADER = YES;
				CLANG_WARN_RANGE_LOOP_ANALYSIS = YES;
				CLANG_WARN_STRICT_PROTOTYPES = YES;
				CLANG_WARN_SUSPICIOUS_MOVE = YES;
				CLANG_WARN_UNGUARDED_AVAILABILITY = YES_AGGRESSIVE;
				CLANG_WARN_UNREACHABLE_CODE = YES;
				CLANG_WARN__DUPLICATE_METHOD_MATCH = YES;
				COPY_PHASE_STRIP = NO;
				DEBUG_INFORMATION_FORMAT = dwarf;
				ENABLE_STRICT_OBJC_MSGSEND = YES;
				ENABLE_TESTABILITY = YES;
				GCC_C_LANGUAGE_STANDARD = gnu11;
				GCC_DYNAMIC_NO_PIC = NO;
				GCC_NO_COMMON_BLOCKS = YES;
				GCC_OPTIMIZATION_LEVEL = 0;
				GCC_PREPROCESSOR_DEFINITIONS = (
					"DEBUG=1",
					"$(inherited)",
				);
				GCC_WARN_64_TO_32_BIT_CONVERSION = YES;
				GCC_WARN_ABOUT_RETURN_TYPE = YES_ERROR;
				GCC_WARN_UNDECLARED_SELECTOR = YES;
				GCC_WARN_UNINITIALIZED_AUTOS = YES_AGGRESSIVE;
				GCC_WARN_UNUSED_FUNCTION = YES;
				GCC_WARN_UNUSED_VARIABLE = YES;
				IPHONEOS_DEPLOYMENT_TARGET = 16.4;
				MTL_ENABLE_DEBUG_INFO = INCLUDE_SOURCE;
				MTL_FAST_MATH = YES;
				ONLY_ACTIVE_ARCH = YES;
				SDKROOT = iphoneos;
				SWIFT_ACTIVE_COMPILATION_CONDITIONS = DEBUG;
				SWIFT_OPTIMIZATION_LEVEL = "-Onone";
			};
			name = Debug;
		};
		07736FD92A2E0AED00FBF297 /* Release */ = {
			isa = XCBuildConfiguration;
			buildSettings = {
				ALWAYS_SEARCH_USER_PATHS = NO;
				CLANG_ANALYZER_NONNULL = YES;
				CLANG_ANALYZER_NUMBER_OBJECT_CONVERSION = YES_AGGRESSIVE;
				CLANG_CXX_LANGUAGE_STANDARD = "gnu++20";
				CLANG_ENABLE_MODULES = YES;
				CLANG_ENABLE_OBJC_ARC = YES;
				CLANG_ENABLE_OBJC_WEAK = YES;
				CLANG_WARN_BLOCK_CAPTURE_AUTORELEASING = YES;
				CLANG_WARN_BOOL_CONVERSION = YES;
				CLANG_WARN_COMMA = YES;
				CLANG_WARN_CONSTANT_CONVERSION = YES;
				CLANG_WARN_DEPRECATED_OBJC_IMPLEMENTATIONS = YES;
				CLANG_WARN_DIRECT_OBJC_ISA_USAGE = YES_ERROR;
				CLANG_WARN_DOCUMENTATION_COMMENTS = YES;
				CLANG_WARN_EMPTY_BODY = YES;
				CLANG_WARN_ENUM_CONVERSION = YES;
				CLANG_WARN_INFINITE_RECURSION = YES;
				CLANG_WARN_INT_CONVERSION = YES;
				CLANG_WARN_NON_LITERAL_NULL_CONVERSION = YES;
				CLANG_WARN_OBJC_IMPLICIT_RETAIN_SELF = YES;
				CLANG_WARN_OBJC_LITERAL_CONVERSION = YES;
				CLANG_WARN_OBJC_ROOT_CLASS = YES_ERROR;
				CLANG_WARN_QUOTED_INCLUDE_IN_FRAMEWORK_HEADER = YES;
				CLANG_WARN_RANGE_LOOP_ANALYSIS = YES;
				CLANG_WARN_STRICT_PROTOTYPES = YES;
				CLANG_WARN_SUSPICIOUS_MOVE = YES;
				CLANG_WARN_UNGUARDED_AVAILABILITY = YES_AGGRESSIVE;
				CLANG_WARN_UNREACHABLE_CODE = YES;
				CLANG_WARN__DUPLICATE_METHOD_MATCH = YES;
				COPY_PHASE_STRIP = NO;
				DEBUG_INFORMATION_FORMAT = "dwarf-with-dsym";
				ENABLE_NS_ASSERTIONS = NO;
				ENABLE_STRICT_OBJC_MSGSEND = YES;
				GCC_C_LANGUAGE_STANDARD = gnu11;
				GCC_NO_COMMON_BLOCKS = YES;
				GCC_WARN_64_TO_32_BIT_CONVERSION = YES;
				GCC_WARN_ABOUT_RETURN_TYPE = YES_ERROR;
				GCC_WARN_UNDECLARED_SELECTOR = YES;
				GCC_WARN_UNINITIALIZED_AUTOS = YES_AGGRESSIVE;
				GCC_WARN_UNUSED_FUNCTION = YES;
				GCC_WARN_UNUSED_VARIABLE = YES;
				IPHONEOS_DEPLOYMENT_TARGET = 16.4;
				MTL_ENABLE_DEBUG_INFO = NO;
				MTL_FAST_MATH = YES;
				SDKROOT = iphoneos;
				SWIFT_COMPILATION_MODE = wholemodule;
				SWIFT_OPTIMIZATION_LEVEL = "-O";
				VALIDATE_PRODUCT = YES;
			};
			name = Release;
		};
		07736FDB2A2E0AED00FBF297 /* Debug */ = {
			isa = XCBuildConfiguration;
			buildSettings = {
				ASSETCATALOG_COMPILER_APPICON_NAME = AppIcon;
				ASSETCATALOG_COMPILER_GLOBAL_ACCENT_COLOR_NAME = AccentColor;
				CODE_SIGN_STYLE = Automatic;
				CURRENT_PROJECT_VERSION = 1;
				DEVELOPMENT_ASSET_PATHS = "\"ProfileNavigation/Preview Content\"";
				DEVELOPMENT_TEAM = H7MDDDPC4H;
				ENABLE_PREVIEWS = YES;
				GENERATE_INFOPLIST_FILE = YES;
				INFOPLIST_KEY_UIApplicationSceneManifest_Generation = YES;
				INFOPLIST_KEY_UIApplicationSupportsIndirectInputEvents = YES;
				INFOPLIST_KEY_UILaunchScreen_Generation = YES;
				INFOPLIST_KEY_UISupportedInterfaceOrientations_iPad = "UIInterfaceOrientationPortrait UIInterfaceOrientationPortraitUpsideDown UIInterfaceOrientationLandscapeLeft UIInterfaceOrientationLandscapeRight";
				INFOPLIST_KEY_UISupportedInterfaceOrientations_iPhone = "UIInterfaceOrientationPortrait UIInterfaceOrientationLandscapeLeft UIInterfaceOrientationLandscapeRight";
				LD_RUNPATH_SEARCH_PATHS = (
					"$(inherited)",
					"@executable_path/Frameworks",
				);
				MARKETING_VERSION = 1.0;
				PRODUCT_BUNDLE_IDENTIFIER = com.eric.ProfileNavigation;
				PRODUCT_NAME = "$(TARGET_NAME)";
				SWIFT_EMIT_LOC_STRINGS = YES;
				SWIFT_VERSION = 5.0;
				TARGETED_DEVICE_FAMILY = "1,2";
			};
			name = Debug;
		};
		07736FDC2A2E0AED00FBF297 /* Release */ = {
			isa = XCBuildConfiguration;
			buildSettings = {
				ASSETCATALOG_COMPILER_APPICON_NAME = AppIcon;
				ASSETCATALOG_COMPILER_GLOBAL_ACCENT_COLOR_NAME = AccentColor;
				CODE_SIGN_STYLE = Automatic;
				CURRENT_PROJECT_VERSION = 1;
				DEVELOPMENT_ASSET_PATHS = "\"ProfileNavigation/Preview Content\"";
				DEVELOPMENT_TEAM = H7MDDDPC4H;
				ENABLE_PREVIEWS = YES;
				GENERATE_INFOPLIST_FILE = YES;
				INFOPLIST_KEY_UIApplicationSceneManifest_Generation = YES;
				INFOPLIST_KEY_UIApplicationSupportsIndirectInputEvents = YES;
				INFOPLIST_KEY_UILaunchScreen_Generation = YES;
				INFOPLIST_KEY_UISupportedInterfaceOrientations_iPad = "UIInterfaceOrientationPortrait UIInterfaceOrientationPortraitUpsideDown UIInterfaceOrientationLandscapeLeft UIInterfaceOrientationLandscapeRight";
				INFOPLIST_KEY_UISupportedInterfaceOrientations_iPhone = "UIInterfaceOrientationPortrait UIInterfaceOrientationLandscapeLeft UIInterfaceOrientationLandscapeRight";
				LD_RUNPATH_SEARCH_PATHS = (
					"$(inherited)",
					"@executable_path/Frameworks",
				);
				MARKETING_VERSION = 1.0;
				PRODUCT_BUNDLE_IDENTIFIER = com.eric.ProfileNavigation;
				PRODUCT_NAME = "$(TARGET_NAME)";
				SWIFT_EMIT_LOC_STRINGS = YES;
				SWIFT_VERSION = 5.0;
				TARGETED_DEVICE_FAMILY = "1,2";
			};
			name = Release;
		};
/* End XCBuildConfiguration section */

/* Begin XCConfigurationList section */
		07736FC72A2E0AEC00FBF297 /* Build configuration list for PBXProject "ProfileNavigation" */ = {
			isa = XCConfigurationList;
			buildConfigurations = (
				07736FD82A2E0AED00FBF297 /* Debug */,
				07736FD92A2E0AED00FBF297 /* Release */,
			);
			defaultConfigurationIsVisible = 0;
			defaultConfigurationName = Release;
		};
		07736FDA2A2E0AED00FBF297 /* Build configuration list for PBXNativeTarget "ProfileNavigation" */ = {
			isa = XCConfigurationList;
			buildConfigurations = (
				07736FDB2A2E0AED00FBF297 /* Debug */,
				07736FDC2A2E0AED00FBF297 /* Release */,
			);
			defaultConfigurationIsVisible = 0;
			defaultConfigurationName = Release;
		};
/* End XCConfigurationList section */
	};
	rootObject = 07736FC42A2E0AEC00FBF297 /* Project object */;
}
